
Microsoft Visual Studio Solution File, Format Version 12.00
# Visual Studio 15
VisualStudioVersion = 15.0.26124.0
MinimumVisualStudioVersion = 15.0.26124.0
Project("{FAE04EC0-301F-11D3-BF4B-00C04F79EFBC}") = "R5T.Capria.Construction", "R5T.Capria.Construction\R5T.Capria.Construction.csproj", "{8F26BD93-65F0-4111-9CDF-41D619AF7AC1}"
EndProject
Project("{FAE04EC0-301F-11D3-BF4B-00C04F79EFBC}") = "R5T.Capria", "R5T.Capria\R5T.Capria.csproj", "{FB23B5CB-0244-47E0-A75E-9F60A38FFD02}"
EndProject
Project("{FAE04EC0-301F-11D3-BF4B-00C04F79EFBC}") = "R5T.Capria.Testing", "R5T.Capria.Testing\R5T.Capria.Testing.csproj", "{F3CA4D67-F2E6-4FBA-8658-DFEBD29867F7}"
EndProject
Global
	GlobalSection(SolutionConfigurationPlatforms) = preSolution
		Debug|Any CPU = Debug|Any CPU
		Debug|x64 = Debug|x64
		Debug|x86 = Debug|x86
		Release|Any CPU = Release|Any CPU
		Release|x64 = Release|x64
		Release|x86 = Release|x86
	EndGlobalSection
	GlobalSection(SolutionProperties) = preSolution
		HideSolutionNode = FALSE
	EndGlobalSection
	GlobalSection(ProjectConfigurationPlatforms) = postSolution
		{8F26BD93-65F0-4111-9CDF-41D619AF7AC1}.Debug|Any CPU.ActiveCfg = Debug|Any CPU
		{8F26BD93-65F0-4111-9CDF-41D619AF7AC1}.Debug|Any CPU.Build.0 = Debug|Any CPU
		{8F26BD93-65F0-4111-9CDF-41D619AF7AC1}.Debug|x64.ActiveCfg = Debug|Any CPU
		{8F26BD93-65F0-4111-9CDF-41D619AF7AC1}.Debug|x64.Build.0 = Debug|Any CPU
		{8F26BD93-65F0-4111-9CDF-41D619AF7AC1}.Debug|x86.ActiveCfg = Debug|Any CPU
		{8F26BD93-65F0-4111-9CDF-41D619AF7AC1}.Debug|x86.Build.0 = Debug|Any CPU
		{8F26BD93-65F0-4111-9CDF-41D619AF7AC1}.Release|Any CPU.ActiveCfg = Release|Any CPU
		{8F26BD93-65F0-4111-9CDF-41D619AF7AC1}.Release|Any CPU.Build.0 = Release|Any CPU
		{8F26BD93-65F0-4111-9CDF-41D619AF7AC1}.Release|x64.ActiveCfg = Release|Any CPU
		{8F26BD93-65F0-4111-9CDF-41D619AF7AC1}.Release|x64.Build.0 = Release|Any CPU
		{8F26BD93-65F0-4111-9CDF-41D619AF7AC1}.Release|x86.ActiveCfg = Release|Any CPU
		{8F26BD93-65F0-4111-9CDF-41D619AF7AC1}.Release|x86.Build.0 = Release|Any CPU
		{FB23B5CB-0244-47E0-A75E-9F60A38FFD02}.Debug|Any CPU.ActiveCfg = Debug|Any CPU
		{FB23B5CB-0244-47E0-A75E-9F60A38FFD02}.Debug|Any CPU.Build.0 = Debug|Any CPU
		{FB23B5CB-0244-47E0-A75E-9F60A38FFD02}.Debug|x64.ActiveCfg = Debug|Any CPU
		{FB23B5CB-0244-47E0-A75E-9F60A38FFD02}.Debug|x64.Build.0 = Debug|Any CPU
		{FB23B5CB-0244-47E0-A75E-9F60A38FFD02}.Debug|x86.ActiveCfg = Debug|Any CPU
		{FB23B5CB-0244-47E0-A75E-9F60A38FFD02}.Debug|x86.Build.0 = Debug|Any CPU
		{FB23B5CB-0244-47E0-A75E-9F60A38FFD02}.Release|Any CPU.ActiveCfg = Release|Any CPU
		{FB23B5CB-0244-47E0-A75E-9F60A38FFD02}.Release|Any CPU.Build.0 = Release|Any CPU
		{FB23B5CB-0244-47E0-A75E-9F60A38FFD02}.Release|x64.ActiveCfg = Release|Any CPU
		{FB23B5CB-0244-47E0-A75E-9F60A38FFD02}.Release|x64.Build.0 = Release|Any CPU
		{FB23B5CB-0244-47E0-A75E-9F60A38FFD02}.Release|x86.ActiveCfg = Release|Any CPU
		{FB23B5CB-0244-47E0-A75E-9F60A38FFD02}.Release|x86.Build.0 = Release|Any CPU
		{F3CA4D67-F2E6-4FBA-8658-DFEBD29867F7}.Debug|Any CPU.ActiveCfg = Debug|Any CPU
		{F3CA4D67-F2E6-4FBA-8658-DFEBD29867F7}.Debug|Any CPU.Build.0 = Debug|Any CPU
		{F3CA4D67-F2E6-4FBA-8658-DFEBD29867F7}.Debug|x64.ActiveCfg = Debug|Any CPU
		{F3CA4D67-F2E6-4FBA-8658-DFEBD29867F7}.Debug|x64.Build.0 = Debug|Any CPU
		{F3CA4D67-F2E6-4FBA-8658-DFEBD29867F7}.Debug|x86.ActiveCfg = Debug|Any CPU
		{F3CA4D67-F2E6-4FBA-8658-DFEBD29867F7}.Debug|x86.Build.0 = Debug|Any CPU
		{F3CA4D67-F2E6-4FBA-8658-DFEBD29867F7}.Release|Any CPU.ActiveCfg = Release|Any CPU
		{F3CA4D67-F2E6-4FBA-8658-DFEBD29867F7}.Release|Any CPU.Build.0 = Release|Any CPU
		{F3CA4D67-F2E6-4FBA-8658-DFEBD29867F7}.Release|x64.ActiveCfg = Release|Any CPU
		{F3CA4D67-F2E6-4FBA-8658-DFEBD29867F7}.Release|x64.Build.0 = Release|Any CPU
		{F3CA4D67-F2E6-4FBA-8658-DFEBD29867F7}.Release|x86.ActiveCfg = Release|Any CPU
		{F3CA4D67-F2E6-4FBA-8658-DFEBD29867F7}.Release|x86.Build.0 = Release|Any CPU
	EndGlobalSection
EndGlobal
